Microsoft Visual Studio Solution File, Format Version 11.00
# Visual Studio 2008

Project("{A3C67D8B-D591-3054-CD78-76B8DDF9482A}") = "TestProjectRgti", "Assembly-CSharp-firstpass-vs.csproj", "{2D2688F4-D70C-8C54-DEDE-188C085D8B73}"
EndProject
Project("{A3C67D8B-D591-3054-CD78-76B8DDF9482A}") = "TestProjectRgti", "Assembly-CSharp-vs.csproj", "{2A35BCED-7C64-EE40-A911-68353EB94933}"
EndProject
Project("{A3C67D8B-D591-3054-CD78-76B8DDF9482A}") = "TestProjectRgti", "Assembly-CSharp-Editor-firstpass-vs.csproj", "{BD51FB38-C4E9-B600-C209-176D3B03E3C9}"
EndProject
Project("{A3C67D8B-D591-3054-CD78-76B8DDF9482A}") = "TestProjectRgti", "Assembly-CSharp-Editor-vs.csproj", "{3A35427E-8E0C-B916-876F-824A91DAB015}"
EndProject
Global
	GlobalSection(SolutionConfigurationPlatforms) = preSolution
		Debug|Any CPU = Debug|Any CPU
		Release|Any CPU = Release|Any CPU
	EndGlobalSection
	GlobalSection(ProjectConfigurationPlatforms) = postSolution
		{2D2688F4-D70C-8C54-DEDE-188C085D8B73}.Debug|Any CPU.ActiveCfg = Debug|Any CPU
		{2D2688F4-D70C-8C54-DEDE-188C085D8B73}.Debug|Any CPU.Build.0 = Debug|Any CPU
		{2D2688F4-D70C-8C54-DEDE-188C085D8B73}.Release|Any CPU.ActiveCfg = Release|Any CPU
		{2D2688F4-D70C-8C54-DEDE-188C085D8B73}.Release|Any CPU.Build.0 = Release|Any CPU
		{2A35BCED-7C64-EE40-A911-68353EB94933}.Debug|Any CPU.ActiveCfg = Debug|Any CPU
		{2A35BCED-7C64-EE40-A911-68353EB94933}.Debug|Any CPU.Build.0 = Debug|Any CPU
		{2A35BCED-7C64-EE40-A911-68353EB94933}.Release|Any CPU.ActiveCfg = Release|Any CPU
		{2A35BCED-7C64-EE40-A911-68353EB94933}.Release|Any CPU.Build.0 = Release|Any CPU
		{BD51FB38-C4E9-B600-C209-176D3B03E3C9}.Debug|Any CPU.ActiveCfg = Debug|Any CPU
		{BD51FB38-C4E9-B600-C209-176D3B03E3C9}.Debug|Any CPU.Build.0 = Debug|Any CPU
		{BD51FB38-C4E9-B600-C209-176D3B03E3C9}.Release|Any CPU.ActiveCfg = Release|Any CPU
		{BD51FB38-C4E9-B600-C209-176D3B03E3C9}.Release|Any CPU.Build.0 = Release|Any CPU
		{3A35427E-8E0C-B916-876F-824A91DAB015}.Debug|Any CPU.ActiveCfg = Debug|Any CPU
		{3A35427E-8E0C-B916-876F-824A91DAB015}.Debug|Any CPU.Build.0 = Debug|Any CPU
		{3A35427E-8E0C-B916-876F-824A91DAB015}.Release|Any CPU.ActiveCfg = Release|Any CPU
		{3A35427E-8E0C-B916-876F-824A91DAB015}.Release|Any CPU.Build.0 = Release|Any CPU
	EndGlobalSection
	GlobalSection(SolutionProperties) = preSolution
		HideSolutionNode = FALSE
	EndGlobalSection
																																																																																																					GlobalSection(MonoDevelopProperties) = preSolution
=======
																																																																GlobalSection(MonoDevelopProperties) = preSolution
=======
																																																																					GlobalSection(MonoDevelopProperties) = preSolution
>>>>>>> d0fe3d265ef7571ea2522906636f03930dddaa60
>>>>>>> 4a1633e9230a3bc1cb892826edd962551b5eb566
		StartupItem = Assembly-CSharp.csproj
		Policies = $0
		$0.TextStylePolicy = $1
		$1.inheritsSet = null
		$1.scope = text/x-csharp
		$0.CSharpFormattingPolicy = $2
		$2.inheritsSet = Mono
		$2.inheritsScope = text/x-csharp
		$2.scope = text/x-csharp
		$0.TextStylePolicy = $3
		$3.FileWidth = 120
		$3.TabWidth = 4
		$3.EolMarker = Unix
		$3.inheritsSet = Mono
		$3.inheritsScope = text/plain
		$3.scope = text/plain
	EndGlobalSection

EndGlobal
